
Microsoft Visual Studio Solution File, Format Version 12.00
# Visual Studio Version 17
VisualStudioVersion = 17.5.002.0
MinimumVisualStudioVersion = 10.0.40219.1
Project("{9A19103F-16F7-4668-BE54-9A1E7A4F7556}") = "Ch10Ex02DataSerialization", "Ch10Ex02DataSerialization\Ch10Ex02DataSerialization.csproj", "{12B843A5-ADD8-4F1F-BAFA-E7652E6E65B1}"
EndProject
Project("{9A19103F-16F7-4668-BE54-9A1E7A4F7556}") = "WorkingWithEFCore", "WorkingWithEFCore\WorkingWithEFCore.csproj", "{D06CFDC4-3ADD-4A8F-AE4A-D3EBBED3D7DB}"
EndProject
Project("{9A19103F-16F7-4668-BE54-9A1E7A4F7556}") = "CoursesAndStudents", "CoursesAndStudents\CoursesAndStudents.csproj", "{40CAA780-B897-4E1A-BD83-4DE68012F343}"
EndProject
Global
	GlobalSection(SolutionConfigurationPlatforms) = preSolution
		Debug|Any CPU = Debug|Any CPU
		Release|Any CPU = Release|Any CPU
	EndGlobalSection
	GlobalSection(ProjectConfigurationPlatforms) = postSolution
		{12B843A5-ADD8-4F1F-BAFA-E7652E6E65B1}.Debug|Any CPU.ActiveCfg = Debug|Any CPU
		{12B843A5-ADD8-4F1F-BAFA-E7652E6E65B1}.Debug|Any CPU.Build.0 = Debug|Any CPU
		{12B843A5-ADD8-4F1F-BAFA-E7652E6E65B1}.Release|Any CPU.ActiveCfg = Release|Any CPU
		{12B843A5-ADD8-4F1F-BAFA-E7652E6E65B1}.Release|Any CPU.Build.0 = Release|Any CPU
		{D06CFDC4-3ADD-4A8F-AE4A-D3EBBED3D7DB}.Debug|Any CPU.ActiveCfg = Debug|Any CPU
		{D06CFDC4-3ADD-4A8F-AE4A-D3EBBED3D7DB}.Debug|Any CPU.Build.0 = Debug|Any CPU
		{D06CFDC4-3ADD-4A8F-AE4A-D3EBBED3D7DB}.Release|Any CPU.ActiveCfg = Release|Any CPU
		{D06CFDC4-3ADD-4A8F-AE4A-D3EBBED3D7DB}.Release|Any CPU.Build.0 = Release|Any CPU
		{40CAA780-B897-4E1A-BD83-4DE68012F343}.Debug|Any CPU.ActiveCfg = Debug|Any CPU
		{40CAA780-B897-4E1A-BD83-4DE68012F343}.Debug|Any CPU.Build.0 = Debug|Any CPU
		{40CAA780-B897-4E1A-BD83-4DE68012F343}.Release|Any CPU.ActiveCfg = Release|Any CPU
		{40CAA780-B897-4E1A-BD83-4DE68012F343}.Release|Any CPU.Build.0 = Release|Any CPU
	EndGlobalSection
	GlobalSection(SolutionProperties) = preSolution
		HideSolutionNode = FALSE
	EndGlobalSection
	GlobalSection(ExtensibilityGlobals) = postSolution
		SolutionGuid = {CBE9E31E-995E-46E6-880D-D6A63E91C5E9}
	EndGlobalSection
EndGlobal
